
Microsoft Visual Studio Solution File, Format Version 12.00
# Visual Studio Version 16
VisualStudioVersion = 16.0.30621.155
MinimumVisualStudioVersion = 10.0.40219.1
Project("{FAE04EC0-301F-11D3-BF4B-00C04F79EFBC}") = "AzureTestApp", "AzureTestApp.csproj", "{B0968872-943B-4FF8-AD1D-FFB367EDE180}"
EndProject
Global
	GlobalSection(SolutionConfigurationPlatforms) = preSolution
		Debug|Any CPU = Debug|Any CPU
		Release|Any CPU = Release|Any CPU
	EndGlobalSection
	GlobalSection(ProjectConfigurationPlatforms) = postSolution
		{B0968872-943B-4FF8-AD1D-FFB367EDE180}.Debug|Any CPU.ActiveCfg = Debug|Any CPU
		{B0968872-943B-4FF8-AD1D-FFB367EDE180}.Debug|Any CPU.Build.0 = Debug|Any CPU
		{B0968872-943B-4FF8-AD1D-FFB367EDE180}.Release|Any CPU.ActiveCfg = Release|Any CPU
		{B0968872-943B-4FF8-AD1D-FFB367EDE180}.Release|Any CPU.Build.0 = Release|Any CPU
	EndGlobalSection
	GlobalSection(SolutionProperties) = preSolution
		HideSolutionNode = FALSE
	EndGlobalSection
	GlobalSection(ExtensibilityGlobals) = postSolution
		SolutionGuid = {B12C269B-20B5-4561-9976-08C8E75BC08E}
	EndGlobalSection
EndGlobal
